// !$*UTF8*$!
{
	archiveVersion = 1;
	classes = {
	};
	objectVersion = 55;
	objects = {

/* Begin PBXBuildFile section */
		672CB3352808FD73005F17F1 /* LandmarksApp.swift in Sources */ = {isa = PBXBuildFile; fileRef = 672CB3342808FD73005F17F1 /* LandmarksApp.swift */; };
		672CB3372808FD73005F17F1 /* ContentView.swift in Sources */ = {isa = PBXBuildFile; fileRef = 672CB3362808FD73005F17F1 /* ContentView.swift */; };
		672CB3392808FD73005F17F1 /* Assets.xcassets in Resources */ = {isa = PBXBuildFile; fileRef = 672CB3382808FD73005F17F1 /* Assets.xcassets */; };
		672CB33C2808FD73005F17F1 /* Preview Assets.xcassets in Resources */ = {isa = PBXBuildFile; fileRef = 672CB33B2808FD73005F17F1 /* Preview Assets.xcassets */; };
		672CB343280941F2005F17F1 /* CircleImage.swift in Sources */ = {isa = PBXBuildFile; fileRef = 672CB342280941F2005F17F1 /* CircleImage.swift */; };
		672CB34528094750005F17F1 /* MapView.swift in Sources */ = {isa = PBXBuildFile; fileRef = 672CB34428094750005F17F1 /* MapView.swift */; };
		673F04A9280CEF6500FEF755 /* landmarkData.json in Resources */ = {isa = PBXBuildFile; fileRef = 673F04A8280CEF6500FEF755 /* landmarkData.json */; };
		673F04AB280CEFD000FEF755 /* Landmark.swift in Sources */ = {isa = PBXBuildFile; fileRef = 673F04AA280CEFD000FEF755 /* Landmark.swift */; };
		673F04AD280CF61100FEF755 /* ModelData.swift in Sources */ = {isa = PBXBuildFile; fileRef = 673F04AC280CF61100FEF755 /* ModelData.swift */; };
		673F04B2280CFBB300FEF755 /* LandmarkRow.swift in Sources */ = {isa = PBXBuildFile; fileRef = 673F04B1280CFBB300FEF755 /* LandmarkRow.swift */; };
		673F04B4280D18EF00FEF755 /* LandmarkList.swift in Sources */ = {isa = PBXBuildFile; fileRef = 673F04B3280D18EF00FEF755 /* LandmarkList.swift */; };
		673F04B8280D2FED00FEF755 /* LandmarkDetail.swift in Sources */ = {isa = PBXBuildFile; fileRef = 673F04B7280D2FED00FEF755 /* LandmarkDetail.swift */; };
		675AA494281FA2BB005951E5 /* CategoryHome.swift in Sources */ = {isa = PBXBuildFile; fileRef = 675AA493281FA2BB005951E5 /* CategoryHome.swift */; };
		677DEECF280E76CD005561F7 /* FavoriteButton.swift in Sources */ = {isa = PBXBuildFile; fileRef = 677DEECE280E76CD005561F7 /* FavoriteButton.swift */; };
		677DEED3280E9FF9005561F7 /* HexagonParameters.swift in Sources */ = {isa = PBXBuildFile; fileRef = 677DEED2280E9FF9005561F7 /* HexagonParameters.swift */; };
		677DEED7280EA926005561F7 /* BadgeBackground.swift in Sources */ = {isa = PBXBuildFile; fileRef = 677DEED6280EA926005561F7 /* BadgeBackground.swift */; };
		677DEEDB280FC0ED005561F7 /* BadgeSymbol.swift in Sources */ = {isa = PBXBuildFile; fileRef = 677DEEDA280FC0ED005561F7 /* BadgeSymbol.swift */; };
		677DEEDD280FC7EF005561F7 /* RotatedBadgeSymbol.swift in Sources */ = {isa = PBXBuildFile; fileRef = 677DEEDC280FC7EF005561F7 /* RotatedBadgeSymbol.swift */; };
		677DEEDF280FCF70005561F7 /* Badge.swift in Sources */ = {isa = PBXBuildFile; fileRef = 677DEEDE280FCF70005561F7 /* Badge.swift */; };
		67AD18C32810D7580053B2BE /* hikeData.json in Resources */ = {isa = PBXBuildFile; fileRef = 67AD18C22810D7580053B2BE /* hikeData.json */; };
		67AD18C52810D7AE0053B2BE /* Hike.swift in Sources */ = {isa = PBXBuildFile; fileRef = 67AD18C42810D7AE0053B2BE /* Hike.swift */; };
		67AD1A142810E0350053B2BE /* HikeView.swift in Sources */ = {isa = PBXBuildFile; fileRef = 67AD1A102810E0350053B2BE /* HikeView.swift */; };
		67AD1A152810E0350053B2BE /* HikeDetail.swift in Sources */ = {isa = PBXBuildFile; fileRef = 67AD1A112810E0350053B2BE /* HikeDetail.swift */; };
		67AD1A162810E0350053B2BE /* GraphCapsule.swift in Sources */ = {isa = PBXBuildFile; fileRef = 67AD1A122810E0350053B2BE /* GraphCapsule.swift */; };
		67AD1A172810E0350053B2BE /* HikeGraph.swift in Sources */ = {isa = PBXBuildFile; fileRef = 67AD1A132810E0350053B2BE /* HikeGraph.swift */; };
/* End PBXBuildFile section */

/* Begin PBXFileReference section */
		672CB3312808FD73005F17F1 /* Landmarks.app */ = {isa = PBXFileReference; explicitFileType = wrapper.application; includeInIndex = 0; path = Landmarks.app; sourceTree = BUILT_PRODUCTS_DIR; };
		672CB3342808FD73005F17F1 /* LandmarksApp.swift */ = {isa = PBXFileReference; lastKnownFileType = sourcecode.swift; path = LandmarksApp.swift; sourceTree = "<group>"; };
		672CB3362808FD73005F17F1 /* ContentView.swift */ = {isa = PBXFileReference; lastKnownFileType = sourcecode.swift; path = ContentView.swift; sourceTree = "<group>"; };
		672CB3382808FD73005F17F1 /* Assets.xcassets */ = {isa = PBXFileReference; lastKnownFileType = folder.assetcatalog; path = Assets.xcassets; sourceTree = "<group>"; };
		672CB33B2808FD73005F17F1 /* Preview Assets.xcassets */ = {isa = PBXFileReference; lastKnownFileType = folder.assetcatalog; path = "Preview Assets.xcassets"; sourceTree = "<group>"; };
		672CB342280941F2005F17F1 /* CircleImage.swift */ = {isa = PBXFileReference; lastKnownFileType = sourcecode.swift; path = CircleImage.swift; sourceTree = "<group>"; };
		672CB34428094750005F17F1 /* MapView.swift */ = {isa = PBXFileReference; lastKnownFileType = sourcecode.swift; path = MapView.swift; sourceTree = "<group>"; };
		673F04A8280CEF6500FEF755 /* landmarkData.json */ = {isa = PBXFileReference; fileEncoding = 4; lastKnownFileType = text.json; path = landmarkData.json; sourceTree = "<group>"; };
		673F04AA280CEFD000FEF755 /* Landmark.swift */ = {isa = PBXFileReference; lastKnownFileType = sourcecode.swift; path = Landmark.swift; sourceTree = "<group>"; };
		673F04AC280CF61100FEF755 /* ModelData.swift */ = {isa = PBXFileReference; lastKnownFileType = sourcecode.swift; path = ModelData.swift; sourceTree = "<group>"; };
		673F04B1280CFBB300FEF755 /* LandmarkRow.swift */ = {isa = PBXFileReference; lastKnownFileType = sourcecode.swift; path = LandmarkRow.swift; sourceTree = "<group>"; };
		673F04B3280D18EF00FEF755 /* LandmarkList.swift */ = {isa = PBXFileReference; lastKnownFileType = sourcecode.swift; path = LandmarkList.swift; sourceTree = "<group>"; };
		673F04B7280D2FED00FEF755 /* LandmarkDetail.swift */ = {isa = PBXFileReference; lastKnownFileType = sourcecode.swift; path = LandmarkDetail.swift; sourceTree = "<group>"; };
		675AA493281FA2BB005951E5 /* CategoryHome.swift */ = {isa = PBXFileReference; lastKnownFileType = sourcecode.swift; path = CategoryHome.swift; sourceTree = "<group>"; };
		677DEECE280E76CD005561F7 /* FavoriteButton.swift */ = {isa = PBXFileReference; lastKnownFileType = sourcecode.swift; path = FavoriteButton.swift; sourceTree = "<group>"; };
		677DEED2280E9FF9005561F7 /* HexagonParameters.swift */ = {isa = PBXFileReference; lastKnownFileType = sourcecode.swift; path = HexagonParameters.swift; sourceTree = "<group>"; };
		677DEED6280EA926005561F7 /* BadgeBackground.swift */ = {isa = PBXFileReference; lastKnownFileType = sourcecode.swift; path = BadgeBackground.swift; sourceTree = "<group>"; };
		677DEEDA280FC0ED005561F7 /* BadgeSymbol.swift */ = {isa = PBXFileReference; lastKnownFileType = sourcecode.swift; path = BadgeSymbol.swift; sourceTree = "<group>"; };
		677DEEDC280FC7EF005561F7 /* RotatedBadgeSymbol.swift */ = {isa = PBXFileReference; lastKnownFileType = sourcecode.swift; path = RotatedBadgeSymbol.swift; sourceTree = "<group>"; };
		677DEEDE280FCF70005561F7 /* Badge.swift */ = {isa = PBXFileReference; lastKnownFileType = sourcecode.swift; path = Badge.swift; sourceTree = "<group>"; };
		67AD18C22810D7580053B2BE /* hikeData.json */ = {isa = PBXFileReference; fileEncoding = 4; lastKnownFileType = text.json; path = hikeData.json; sourceTree = "<group>"; };
		67AD18C42810D7AE0053B2BE /* Hike.swift */ = {isa = PBXFileReference; lastKnownFileType = sourcecode.swift; path = Hike.swift; sourceTree = "<group>"; };
		67AD1A102810E0350053B2BE /* HikeView.swift */ = {isa = PBXFileReference; fileEncoding = 4; lastKnownFileType = sourcecode.swift; path = HikeView.swift; sourceTree = "<group>"; };
		67AD1A112810E0350053B2BE /* HikeDetail.swift */ = {isa = PBXFileReference; fileEncoding = 4; lastKnownFileType = sourcecode.swift; path = HikeDetail.swift; sourceTree = "<group>"; };
		67AD1A122810E0350053B2BE /* GraphCapsule.swift */ = {isa = PBXFileReference; fileEncoding = 4; lastKnownFileType = sourcecode.swift; path = GraphCapsule.swift; sourceTree = "<group>"; };
		67AD1A132810E0350053B2BE /* HikeGraph.swift */ = {isa = PBXFileReference; fileEncoding = 4; lastKnownFileType = sourcecode.swift; path = HikeGraph.swift; sourceTree = "<group>"; };
/* End PBXFileReference section */

/* Begin PBXFrameworksBuildPhase section */
		672CB32E2808FD73005F17F1 /* Frameworks */ = {
			isa = PBXFrameworksBuildPhase;
			buildActionMask = 2147483647;
			files = (
			);
			runOnlyForDeploymentPostprocessing = 0;
		};
/* End PBXFrameworksBuildPhase section */

/* Begin PBXGroup section */
		672CB3282808FD73005F17F1 = {
			isa = PBXGroup;
			children = (
				672CB3332808FD73005F17F1 /* Landmarks */,
				672CB3322808FD73005F17F1 /* Products */,
			);
			sourceTree = "<group>";
		};
		672CB3322808FD73005F17F1 /* Products */ = {
			isa = PBXGroup;
			children = (
				672CB3312808FD73005F17F1 /* Landmarks.app */,
			);
			name = Products;
			sourceTree = "<group>";
		};
		672CB3332808FD73005F17F1 /* Landmarks */ = {
			isa = PBXGroup;
			children = (
				672CB3342808FD73005F17F1 /* LandmarksApp.swift */,
				673F04AE280CF8C000FEF755 /* Views */,
				673F04AF280CF8CA00FEF755 /* Model */,
				673F04B0280CF8D300FEF755 /* Resources */,
				672CB3382808FD73005F17F1 /* Assets.xcassets */,
				672CB33A2808FD73005F17F1 /* Preview Content */,
			);
			path = Landmarks;
			sourceTree = "<group>";
		};
		672CB33A2808FD73005F17F1 /* Preview Content */ = {
			isa = PBXGroup;
			children = (
				672CB33B2808FD73005F17F1 /* Preview Assets.xcassets */,
			);
			path = "Preview Content";
			sourceTree = "<group>";
		};
		673F04AE280CF8C000FEF755 /* Views */ = {
			isa = PBXGroup;
			children = (
				672CB3362808FD73005F17F1 /* ContentView.swift */,
				675AA491281FA25C005951E5 /* Categories */,
				67AD1A0F2810DFDF0053B2BE /* Hikes */,
				677DEED0280E7AAD005561F7 /* Landmarks */,
				677DEEE0280FD43F005561F7 /* Badges */,
				677DEED1280E7ABD005561F7 /* Halpers */,
			);
			path = Views;
			sourceTree = "<group>";
		};
		673F04AF280CF8CA00FEF755 /* Model */ = {
			isa = PBXGroup;
			children = (
				673F04AA280CEFD000FEF755 /* Landmark.swift */,
				673F04AC280CF61100FEF755 /* ModelData.swift */,
				67AD18C42810D7AE0053B2BE /* Hike.swift */,
			);
			path = Model;
			sourceTree = "<group>";
		};
		673F04B0280CF8D300FEF755 /* Resources */ = {
			isa = PBXGroup;
			children = (
				673F04A8280CEF6500FEF755 /* landmarkData.json */,
				67AD18C22810D7580053B2BE /* hikeData.json */,
			);
			path = Resources;
			sourceTree = "<group>";
		};
		675AA491281FA25C005951E5 /* Categories */ = {
			isa = PBXGroup;
			children = (
				675AA493281FA2BB005951E5 /* CategoryHome.swift */,
			);
			path = Categories;
			sourceTree = "<group>";
		};
		677DEED0280E7AAD005561F7 /* Landmarks */ = {
			isa = PBXGroup;
			children = (
				673F04B7280D2FED00FEF755 /* LandmarkDetail.swift */,
				673F04B3280D18EF00FEF755 /* LandmarkList.swift */,
				673F04B1280CFBB300FEF755 /* LandmarkRow.swift */,
			);
			path = Landmarks;
			sourceTree = "<group>";
		};
		677DEED1280E7ABD005561F7 /* Halpers */ = {
			isa = PBXGroup;
			children = (
				672CB342280941F2005F17F1 /* CircleImage.swift */,
				677DEECE280E76CD005561F7 /* FavoriteButton.swift */,
				672CB34428094750005F17F1 /* MapView.swift */,
			);
			path = Halpers;
			sourceTree = "<group>";
		};
		677DEEE0280FD43F005561F7 /* Badges */ = {
			isa = PBXGroup;
			children = (
				677DEEDE280FCF70005561F7 /* Badge.swift */,
				677DEED2280E9FF9005561F7 /* HexagonParameters.swift */,
				677DEED6280EA926005561F7 /* BadgeBackground.swift */,
				677DEEDA280FC0ED005561F7 /* BadgeSymbol.swift */,
				677DEEDC280FC7EF005561F7 /* RotatedBadgeSymbol.swift */,
			);
			path = Badges;
			sourceTree = "<group>";
		};
		67AD1A0F2810DFDF0053B2BE /* Hikes */ = {
			isa = PBXGroup;
			children = (
				67AD1A122810E0350053B2BE /* GraphCapsule.swift */,
				67AD1A112810E0350053B2BE /* HikeDetail.swift */,
				67AD1A132810E0350053B2BE /* HikeGraph.swift */,
				67AD1A102810E0350053B2BE /* HikeView.swift */,
			);
			path = Hikes;
			sourceTree = "<group>";
		};
/* End PBXGroup section */

/* Begin PBXNativeTarget section */
		672CB3302808FD73005F17F1 /* Landmarks */ = {
			isa = PBXNativeTarget;
			buildConfigurationList = 672CB33F2808FD73005F17F1 /* Build configuration list for PBXNativeTarget "Landmarks" */;
			buildPhases = (
				672CB32D2808FD73005F17F1 /* Sources */,
				672CB32E2808FD73005F17F1 /* Frameworks */,
				672CB32F2808FD73005F17F1 /* Resources */,
			);
			buildRules = (
			);
			dependencies = (
			);
			name = Landmarks;
			productName = Landmarks;
			productReference = 672CB3312808FD73005F17F1 /* Landmarks.app */;
			productType = "com.apple.product-type.application";
		};
/* End PBXNativeTarget section */

/* Begin PBXProject section */
		672CB3292808FD73005F17F1 /* Project object */ = {
			isa = PBXProject;
			attributes = {
				BuildIndependentTargetsInParallel = 1;
				LastSwiftUpdateCheck = 1330;
				LastUpgradeCheck = 1330;
				TargetAttributes = {
					672CB3302808FD73005F17F1 = {
						CreatedOnToolsVersion = 13.3.1;
					};
				};
			};
			buildConfigurationList = 672CB32C2808FD73005F17F1 /* Build configuration list for PBXProject "Landmarks" */;
			compatibilityVersion = "Xcode 13.0";
			developmentRegion = en;
			hasScannedForEncodings = 0;
			knownRegions = (
				en,
				Base,
			);
			mainGroup = 672CB3282808FD73005F17F1;
			productRefGroup = 672CB3322808FD73005F17F1 /* Products */;
			projectDirPath = "";
			projectRoot = "";
			targets = (
				672CB3302808FD73005F17F1 /* Landmarks */,
			);
		};
/* End PBXProject section */

/* Begin PBXResourcesBuildPhase section */
		672CB32F2808FD73005F17F1 /* Resources */ = {
			isa = PBXResourcesBuildPhase;
			buildActionMask = 2147483647;
			files = (
				67AD18C32810D7580053B2BE /* hikeData.json in Resources */,
				672CB33C2808FD73005F17F1 /* Preview Assets.xcassets in Resources */,
				672CB3392808FD73005F17F1 /* Assets.xcassets in Resources */,
				673F04A9280CEF6500FEF755 /* landmarkData.json in Resources */,
			);
			runOnlyForDeploymentPostprocessing = 0;
		};
/* End PBXResourcesBuildPhase section */

/* Begin PBXSourcesBuildPhase section */
		672CB32D2808FD73005F17F1 /* Sources */ = {
			isa = PBXSourcesBuildPhase;
			buildActionMask = 2147483647;
			files = (
				672CB3372808FD73005F17F1 /* ContentView.swift in Sources */,
				675AA494281FA2BB005951E5 /* CategoryHome.swift in Sources */,
				677DEEDF280FCF70005561F7 /* Badge.swift in Sources */,
				672CB34528094750005F17F1 /* MapView.swift in Sources */,
				672CB3352808FD73005F17F1 /* LandmarksApp.swift in Sources */,
				677DEECF280E76CD005561F7 /* FavoriteButton.swift in Sources */,
				67AD1A142810E0350053B2BE /* HikeView.swift in Sources */,
				677DEED3280E9FF9005561F7 /* HexagonParameters.swift in Sources */,
				677DEEDD280FC7EF005561F7 /* RotatedBadgeSymbol.swift in Sources */,
				677DEEDB280FC0ED005561F7 /* BadgeSymbol.swift in Sources */,
				673F04B4280D18EF00FEF755 /* LandmarkList.swift in Sources */,
				67AD18C52810D7AE0053B2BE /* Hike.swift in Sources */,
				67AD1A152810E0350053B2BE /* HikeDetail.swift in Sources */,
				673F04B8280D2FED00FEF755 /* LandmarkDetail.swift in Sources */,
				67AD1A172810E0350053B2BE /* HikeGraph.swift in Sources */,
				677DEED7280EA926005561F7 /* BadgeBackground.swift in Sources */,
				672CB343280941F2005F17F1 /* CircleImage.swift in Sources */,
				673F04AB280CEFD000FEF755 /* Landmark.swift in Sources */,
				673F04B2280CFBB300FEF755 /* LandmarkRow.swift in Sources */,
				67AD1A162810E0350053B2BE /* GraphCapsule.swift in Sources */,
				673F04AD280CF61100FEF755 /* ModelData.swift in Sources */,
			);
			runOnlyForDeploymentPostprocessing = 0;
		};
/* End PBXSourcesBuildPhase section */

/* Begin XCBuildConfiguration section */
		672CB33D2808FD73005F17F1 /* Debug */ = {
			isa = XCBuildConfiguration;
			buildSettings = {
				ALWAYS_SEARCH_USER_PATHS = NO;
				CLANG_ANALYZER_NONNULL = YES;
				CLANG_ANALYZER_NUMBER_OBJECT_CONVERSION = YES_AGGRESSIVE;
				CLANG_CXX_LANGUAGE_STANDARD = "gnu++17";
				CLANG_ENABLE_MODULES = YES;
				CLANG_ENABLE_OBJC_ARC = YES;
				CLANG_ENABLE_OBJC_WEAK = YES;
				CLANG_WARN_BLOCK_CAPTURE_AUTORELEASING = YES;
				CLANG_WARN_BOOL_CONVERSION = YES;
				CLANG_WARN_COMMA = YES;
				CLANG_WARN_CONSTANT_CONVERSION = YES;
				CLANG_WARN_DEPRECATED_OBJC_IMPLEMENTATIONS = YES;
				CLANG_WARN_DIRECT_OBJC_ISA_USAGE = YES_ERROR;
				CLANG_WARN_DOCUMENTATION_COMMENTS = YES;
				CLANG_WARN_EMPTY_BODY = YES;
				CLANG_WARN_ENUM_CONVERSION = YES;
				CLANG_WARN_INFINITE_RECURSION = YES;
				CLANG_WARN_INT_CONVERSION = YES;
				CLANG_WARN_NON_LITERAL_NULL_CONVERSION = YES;
				CLANG_WARN_OBJC_IMPLICIT_RETAIN_SELF = YES;
				CLANG_WARN_OBJC_LITERAL_CONVERSION = YES;
				CLANG_WARN_OBJC_ROOT_CLASS = YES_ERROR;
				CLANG_WARN_QUOTED_INCLUDE_IN_FRAMEWORK_HEADER = YES;
				CLANG_WARN_RANGE_LOOP_ANALYSIS = YES;
				CLANG_WARN_STRICT_PROTOTYPES = YES;
				CLANG_WARN_SUSPICIOUS_MOVE = YES;
				CLANG_WARN_UNGUARDED_AVAILABILITY = YES_AGGRESSIVE;
				CLANG_WARN_UNREACHABLE_CODE = YES;
				CLANG_WARN__DUPLICATE_METHOD_MATCH = YES;
				COPY_PHASE_STRIP = NO;
				DEBUG_INFORMATION_FORMAT = dwarf;
				ENABLE_STRICT_OBJC_MSGSEND = YES;
				ENABLE_TESTABILITY = YES;
				GCC_C_LANGUAGE_STANDARD = gnu11;
				GCC_DYNAMIC_NO_PIC = NO;
				GCC_NO_COMMON_BLOCKS = YES;
				GCC_OPTIMIZATION_LEVEL = 0;
				GCC_PREPROCESSOR_DEFINITIONS = (
					"DEBUG=1",
					"$(inherited)",
				);
				GCC_WARN_64_TO_32_BIT_CONVERSION = YES;
				GCC_WARN_ABOUT_RETURN_TYPE = YES_ERROR;
				GCC_WARN_UNDECLARED_SELECTOR = YES;
				GCC_WARN_UNINITIALIZED_AUTOS = YES_AGGRESSIVE;
				GCC_WARN_UNUSED_FUNCTION = YES;
				GCC_WARN_UNUSED_VARIABLE = YES;
				IPHONEOS_DEPLOYMENT_TARGET = 15.4;
				MTL_ENABLE_DEBUG_INFO = INCLUDE_SOURCE;
				MTL_FAST_MATH = YES;
				ONLY_ACTIVE_ARCH = YES;
				SDKROOT = iphoneos;
				SWIFT_ACTIVE_COMPILATION_CONDITIONS = DEBUG;
				SWIFT_OPTIMIZATION_LEVEL = "-Onone";
			};
			name = Debug;
		};
		672CB33E2808FD73005F17F1 /* Release */ = {
			isa = XCBuildConfiguration;
			buildSettings = {
				ALWAYS_SEARCH_USER_PATHS = NO;
				CLANG_ANALYZER_NONNULL = YES;
				CLANG_ANALYZER_NUMBER_OBJECT_CONVERSION = YES_AGGRESSIVE;
				CLANG_CXX_LANGUAGE_STANDARD = "gnu++17";
				CLANG_ENABLE_MODULES = YES;
				CLANG_ENABLE_OBJC_ARC = YES;
				CLANG_ENABLE_OBJC_WEAK = YES;
				CLANG_WARN_BLOCK_CAPTURE_AUTORELEASING = YES;
				CLANG_WARN_BOOL_CONVERSION = YES;
				CLANG_WARN_COMMA = YES;
				CLANG_WARN_CONSTANT_CONVERSION = YES;
				CLANG_WARN_DEPRECATED_OBJC_IMPLEMENTATIONS = YES;
				CLANG_WARN_DIRECT_OBJC_ISA_USAGE = YES_ERROR;
				CLANG_WARN_DOCUMENTATION_COMMENTS = YES;
				CLANG_WARN_EMPTY_BODY = YES;
				CLANG_WARN_ENUM_CONVERSION = YES;
				CLANG_WARN_INFINITE_RECURSION = YES;
				CLANG_WARN_INT_CONVERSION = YES;
				CLANG_WARN_NON_LITERAL_NULL_CONVERSION = YES;
				CLANG_WARN_OBJC_IMPLICIT_RETAIN_SELF = YES;
				CLANG_WARN_OBJC_LITERAL_CONVERSION = YES;
				CLANG_WARN_OBJC_ROOT_CLASS = YES_ERROR;
				CLANG_WARN_QUOTED_INCLUDE_IN_FRAMEWORK_HEADER = YES;
				CLANG_WARN_RANGE_LOOP_ANALYSIS = YES;
				CLANG_WARN_STRICT_PROTOTYPES = YES;
				CLANG_WARN_SUSPICIOUS_MOVE = YES;
				CLANG_WARN_UNGUARDED_AVAILABILITY = YES_AGGRESSIVE;
				CLANG_WARN_UNREACHABLE_CODE = YES;
				CLANG_WARN__DUPLICATE_METHOD_MATCH = YES;
				COPY_PHASE_STRIP = NO;
				DEBUG_INFORMATION_FORMAT = "dwarf-with-dsym";
				ENABLE_NS_ASSERTIONS = NO;
				ENABLE_STRICT_OBJC_MSGSEND = YES;
				GCC_C_LANGUAGE_STANDARD = gnu11;
				GCC_NO_COMMON_BLOCKS = YES;
				GCC_WARN_64_TO_32_BIT_CONVERSION = YES;
				GCC_WARN_ABOUT_RETURN_TYPE = YES_ERROR;
				GCC_WARN_UNDECLARED_SELECTOR = YES;
				GCC_WARN_UNINITIALIZED_AUTOS = YES_AGGRESSIVE;
				GCC_WARN_UNUSED_FUNCTION = YES;
				GCC_WARN_UNUSED_VARIABLE = YES;
				IPHONEOS_DEPLOYMENT_TARGET = 15.4;
				MTL_ENABLE_DEBUG_INFO = NO;
				MTL_FAST_MATH = YES;
				SDKROOT = iphoneos;
				SWIFT_COMPILATION_MODE = wholemodule;
				SWIFT_OPTIMIZATION_LEVEL = "-O";
				VALIDATE_PRODUCT = YES;
			};
			name = Release;
		};
		672CB3402808FD73005F17F1 /* Debug */ = {
			isa = XCBuildConfiguration;
			buildSettings = {
				ASSETCATALOG_COMPILER_APPICON_NAME = AppIcon;
				ASSETCATALOG_COMPILER_GLOBAL_ACCENT_COLOR_NAME = AccentColor;
				CODE_SIGN_STYLE = Automatic;
				CURRENT_PROJECT_VERSION = 1;
				DEVELOPMENT_ASSET_PATHS = "\"Landmarks/Preview Content\"";
				DEVELOPMENT_TEAM = P446D369B2;
				ENABLE_PREVIEWS = YES;
				GENERATE_INFOPLIST_FILE = YES;
				INFOPLIST_KEY_UIApplicationSceneManifest_Generation = YES;
				INFOPLIST_KEY_UIApplicationSupportsIndirectInputEvents = YES;
				INFOPLIST_KEY_UILaunchScreen_Generation = YES;
				INFOPLIST_KEY_UISupportedInterfaceOrientations_iPad = "UIInterfaceOrientationPortrait UIInterfaceOrientationPortraitUpsideDown UIInterfaceOrientationLandscapeLeft UIInterfaceOrientationLandscapeRight";
				INFOPLIST_KEY_UISupportedInterfaceOrientations_iPhone = "UIInterfaceOrientationPortrait UIInterfaceOrientationLandscapeLeft UIInterfaceOrientationLandscapeRight";
				LD_RUNPATH_SEARCH_PATHS = (
					"$(inherited)",
					"@executable_path/Frameworks",
				);
				MARKETING_VERSION = 1.0;
				PRODUCT_BUNDLE_IDENTIFIER = com.eunae.Landmarks;
				PRODUCT_NAME = "$(TARGET_NAME)";
				SWIFT_EMIT_LOC_STRINGS = YES;
				SWIFT_VERSION = 5.0;
				TARGETED_DEVICE_FAMILY = "1,2";
			};
			name = Debug;
		};
		672CB3412808FD73005F17F1 /* Release */ = {
			isa = XCBuildConfiguration;
			buildSettings = {
				ASSETCATALOG_COMPILER_APPICON_NAME = AppIcon;
				ASSETCATALOG_COMPILER_GLOBAL_ACCENT_COLOR_NAME = AccentColor;
				CODE_SIGN_STYLE = Automatic;
				CURRENT_PROJECT_VERSION = 1;
				DEVELOPMENT_ASSET_PATHS = "\"Landmarks/Preview Content\"";
				DEVELOPMENT_TEAM = P446D369B2;
				ENABLE_PREVIEWS = YES;
				GENERATE_INFOPLIST_FILE = YES;
				INFOPLIST_KEY_UIApplicationSceneManifest_Generation = YES;
				INFOPLIST_KEY_UIApplicationSupportsIndirectInputEvents = YES;
				INFOPLIST_KEY_UILaunchScreen_Generation = YES;
				INFOPLIST_KEY_UISupportedInterfaceOrientations_iPad = "UIInterfaceOrientationPortrait UIInterfaceOrientationPortraitUpsideDown UIInterfaceOrientationLandscapeLeft UIInterfaceOrientationLandscapeRight";
				INFOPLIST_KEY_UISupportedInterfaceOrientations_iPhone = "UIInterfaceOrientationPortrait UIInterfaceOrientationLandscapeLeft UIInterfaceOrientationLandscapeRight";
				LD_RUNPATH_SEARCH_PATHS = (
					"$(inherited)",
					"@executable_path/Frameworks",
				);
				MARKETING_VERSION = 1.0;
				PRODUCT_BUNDLE_IDENTIFIER = com.eunae.Landmarks;
				PRODUCT_NAME = "$(TARGET_NAME)";
				SWIFT_EMIT_LOC_STRINGS = YES;
				SWIFT_VERSION = 5.0;
				TARGETED_DEVICE_FAMILY = "1,2";
			};
			name = Release;
		};
/* End XCBuildConfiguration section */

/* Begin XCConfigurationList section */
		672CB32C2808FD73005F17F1 /* Build configuration list for PBXProject "Landmarks" */ = {
			isa = XCConfigurationList;
			buildConfigurations = (
				672CB33D2808FD73005F17F1 /* Debug */,
				672CB33E2808FD73005F17F1 /* Release */,
			);
			defaultConfigurationIsVisible = 0;
			defaultConfigurationName = Release;
		};
		672CB33F2808FD73005F17F1 /* Build configuration list for PBXNativeTarget "Landmarks" */ = {
			isa = XCConfigurationList;
			buildConfigurations = (
				672CB3402808FD73005F17F1 /* Debug */,
				672CB3412808FD73005F17F1 /* Release */,
			);
			defaultConfigurationIsVisible = 0;
			defaultConfigurationName = Release;
		};
/* End XCConfigurationList section */
	};
	rootObject = 672CB3292808FD73005F17F1 /* Project object */;
}
